// !$*UTF8*$!
{
	archiveVersion = 1;
	classes = {
	};
	objectVersion = 50;
	objects = {

/* Begin PBXBuildFile section */
		1BBC0504A67EF2ADD8A36135 /* Pods_TinyLives_TinyLivesUITests.framework in Frameworks */ = {isa = PBXBuildFile; fileRef = 1048B2D978558E0ADDA2DB99 /* Pods_TinyLives_TinyLivesUITests.framework */; };
		44947662260CDAA800838C7C /* AppDelegate.swift in Sources */ = {isa = PBXBuildFile; fileRef = 44947661260CDAA800838C7C /* AppDelegate.swift */; };
		44947664260CDAA800838C7C /* SceneDelegate.swift in Sources */ = {isa = PBXBuildFile; fileRef = 44947663260CDAA800838C7C /* SceneDelegate.swift */; };
		44947666260CDAA800838C7C /* ViewController.swift in Sources */ = {isa = PBXBuildFile; fileRef = 44947665260CDAA800838C7C /* ViewController.swift */; };
		44947669260CDAA800838C7C /* Main.storyboard in Resources */ = {isa = PBXBuildFile; fileRef = 44947667260CDAA800838C7C /* Main.storyboard */; };
		4494766B260CDAA900838C7C /* Assets.xcassets in Resources */ = {isa = PBXBuildFile; fileRef = 4494766A260CDAA900838C7C /* Assets.xcassets */; };
		4494766E260CDAA900838C7C /* LaunchScreen.storyboard in Resources */ = {isa = PBXBuildFile; fileRef = 4494766C260CDAA900838C7C /* LaunchScreen.storyboard */; };
		44947679260CDAA900838C7C /* TinyLivesTests.swift in Sources */ = {isa = PBXBuildFile; fileRef = 44947678260CDAA900838C7C /* TinyLivesTests.swift */; };
		44947684260CDAA900838C7C /* TinyLivesUITests.swift in Sources */ = {isa = PBXBuildFile; fileRef = 44947683260CDAA900838C7C /* TinyLivesUITests.swift */; };
		64EA0F01976F9CA044D443CB /* Pods_TinyLives.framework in Frameworks */ = {isa = PBXBuildFile; fileRef = 23D201713CBC1E7A2CE93A4B /* Pods_TinyLives.framework */; };
		850AFD24B25F335C632B55A8 /* Pods_TinyLivesTests.framework in Frameworks */ = {isa = PBXBuildFile; fileRef = 0155A3731968E76FAAB6B16F /* Pods_TinyLivesTests.framework */; };
/* End PBXBuildFile section */

/* Begin PBXContainerItemProxy section */
		44947675260CDAA900838C7C /* PBXContainerItemProxy */ = {
			isa = PBXContainerItemProxy;
			containerPortal = 44947656260CDAA800838C7C /* Project object */;
			proxyType = 1;
			remoteGlobalIDString = 4494765D260CDAA800838C7C;
			remoteInfo = TinyLives;
		};
		44947680260CDAA900838C7C /* PBXContainerItemProxy */ = {
			isa = PBXContainerItemProxy;
			containerPortal = 44947656260CDAA800838C7C /* Project object */;
			proxyType = 1;
			remoteGlobalIDString = 4494765D260CDAA800838C7C;
			remoteInfo = TinyLives;
		};
/* End PBXContainerItemProxy section */

/* Begin PBXFileReference section */
		0155A3731968E76FAAB6B16F /* Pods_TinyLivesTests.framework */ = {isa = PBXFileReference; explicitFileType = wrapper.framework; includeInIndex = 0; path = Pods_TinyLivesTests.framework; sourceTree = BUILT_PRODUCTS_DIR; };
		1048B2D978558E0ADDA2DB99 /* Pods_TinyLives_TinyLivesUITests.framework */ = {isa = PBXFileReference; explicitFileType = wrapper.framework; includeInIndex = 0; path = Pods_TinyLives_TinyLivesUITests.framework; sourceTree = BUILT_PRODUCTS_DIR; };
		23D201713CBC1E7A2CE93A4B /* Pods_TinyLives.framework */ = {isa = PBXFileReference; explicitFileType = wrapper.framework; includeInIndex = 0; path = Pods_TinyLives.framework; sourceTree = BUILT_PRODUCTS_DIR; };
		4494765E260CDAA800838C7C /* TinyLives.app */ = {isa = PBXFileReference; explicitFileType = wrapper.application; includeInIndex = 0; path = TinyLives.app; sourceTree = BUILT_PRODUCTS_DIR; };
		44947661260CDAA800838C7C /* AppDelegate.swift */ = {isa = PBXFileReference; lastKnownFileType = sourcecode.swift; path = AppDelegate.swift; sourceTree = "<group>"; };
		44947663260CDAA800838C7C /* SceneDelegate.swift */ = {isa = PBXFileReference; lastKnownFileType = sourcecode.swift; path = SceneDelegate.swift; sourceTree = "<group>"; };
		44947665260CDAA800838C7C /* ViewController.swift */ = {isa = PBXFileReference; lastKnownFileType = sourcecode.swift; path = ViewController.swift; sourceTree = "<group>"; };
		44947668260CDAA800838C7C /* Base */ = {isa = PBXFileReference; lastKnownFileType = file.storyboard; name = Base; path = Base.lproj/Main.storyboard; sourceTree = "<group>"; };
		4494766A260CDAA900838C7C /* Assets.xcassets */ = {isa = PBXFileReference; lastKnownFileType = folder.assetcatalog; path = Assets.xcassets; sourceTree = "<group>"; };
		4494766D260CDAA900838C7C /* Base */ = {isa = PBXFileReference; lastKnownFileType = file.storyboard; name = Base; path = Base.lproj/LaunchScreen.storyboard; sourceTree = "<group>"; };
		4494766F260CDAA900838C7C /* Info.plist */ = {isa = PBXFileReference; lastKnownFileType = text.plist.xml; path = Info.plist; sourceTree = "<group>"; };
		44947674260CDAA900838C7C /* TinyLivesTests.xctest */ = {isa = PBXFileReference; explicitFileType = wrapper.cfbundle; includeInIndex = 0; path = TinyLivesTests.xctest; sourceTree = BUILT_PRODUCTS_DIR; };
		44947678260CDAA900838C7C /* TinyLivesTests.swift */ = {isa = PBXFileReference; lastKnownFileType = sourcecode.swift; path = TinyLivesTests.swift; sourceTree = "<group>"; };
		4494767A260CDAA900838C7C /* Info.plist */ = {isa = PBXFileReference; lastKnownFileType = text.plist.xml; path = Info.plist; sourceTree = "<group>"; };
		4494767F260CDAA900838C7C /* TinyLivesUITests.xctest */ = {isa = PBXFileReference; explicitFileType = wrapper.cfbundle; includeInIndex = 0; path = TinyLivesUITests.xctest; sourceTree = BUILT_PRODUCTS_DIR; };
		44947683260CDAA900838C7C /* TinyLivesUITests.swift */ = {isa = PBXFileReference; lastKnownFileType = sourcecode.swift; path = TinyLivesUITests.swift; sourceTree = "<group>"; };
		44947685260CDAA900838C7C /* Info.plist */ = {isa = PBXFileReference; lastKnownFileType = text.plist.xml; path = Info.plist; sourceTree = "<group>"; };
		55D7F67C17AC39711A5EEB8A /* Pods-TinyLivesTests.release.xcconfig */ = {isa = PBXFileReference; includeInIndex = 1; lastKnownFileType = text.xcconfig; name = "Pods-TinyLivesTests.release.xcconfig"; path = "Target Support Files/Pods-TinyLivesTests/Pods-TinyLivesTests.release.xcconfig"; sourceTree = "<group>"; };
		A0E646BEE711008CC543498B /* Pods-TinyLives-TinyLivesUITests.debug.xcconfig */ = {isa = PBXFileReference; includeInIndex = 1; lastKnownFileType = text.xcconfig; name = "Pods-TinyLives-TinyLivesUITests.debug.xcconfig"; path = "Target Support Files/Pods-TinyLives-TinyLivesUITests/Pods-TinyLives-TinyLivesUITests.debug.xcconfig"; sourceTree = "<group>"; };
		A74912FCFE76680D61A026E9 /* Pods-TinyLives.release.xcconfig */ = {isa = PBXFileReference; includeInIndex = 1; lastKnownFileType = text.xcconfig; name = "Pods-TinyLives.release.xcconfig"; path = "Target Support Files/Pods-TinyLives/Pods-TinyLives.release.xcconfig"; sourceTree = "<group>"; };
		A801D5536A6F3F3D11E43234 /* Pods-TinyLives-TinyLivesUITests.release.xcconfig */ = {isa = PBXFileReference; includeInIndex = 1; lastKnownFileType = text.xcconfig; name = "Pods-TinyLives-TinyLivesUITests.release.xcconfig"; path = "Target Support Files/Pods-TinyLives-TinyLivesUITests/Pods-TinyLives-TinyLivesUITests.release.xcconfig"; sourceTree = "<group>"; };
		AE152389153CA326D9BD189C /* Pods-TinyLives.debug.xcconfig */ = {isa = PBXFileReference; includeInIndex = 1; lastKnownFileType = text.xcconfig; name = "Pods-TinyLives.debug.xcconfig"; path = "Target Support Files/Pods-TinyLives/Pods-TinyLives.debug.xcconfig"; sourceTree = "<group>"; };
		F765253AD143B4E0DCCF3B46 /* Pods-TinyLivesTests.debug.xcconfig */ = {isa = PBXFileReference; includeInIndex = 1; lastKnownFileType = text.xcconfig; name = "Pods-TinyLivesTests.debug.xcconfig"; path = "Target Support Files/Pods-TinyLivesTests/Pods-TinyLivesTests.debug.xcconfig"; sourceTree = "<group>"; };
/* End PBXFileReference section */

/* Begin PBXFrameworksBuildPhase section */
		4494765B260CDAA800838C7C /* Frameworks */ = {
			isa = PBXFrameworksBuildPhase;
			buildActionMask = 2147483647;
			files = (
				64EA0F01976F9CA044D443CB /* Pods_TinyLives.framework in Frameworks */,
			);
			runOnlyForDeploymentPostprocessing = 0;
		};
		44947671260CDAA900838C7C /* Frameworks */ = {
			isa = PBXFrameworksBuildPhase;
			buildActionMask = 2147483647;
			files = (
				850AFD24B25F335C632B55A8 /* Pods_TinyLivesTests.framework in Frameworks */,
			);
			runOnlyForDeploymentPostprocessing = 0;
		};
		4494767C260CDAA900838C7C /* Frameworks */ = {
			isa = PBXFrameworksBuildPhase;
			buildActionMask = 2147483647;
			files = (
				1BBC0504A67EF2ADD8A36135 /* Pods_TinyLives_TinyLivesUITests.framework in Frameworks */,
			);
			runOnlyForDeploymentPostprocessing = 0;
		};
/* End PBXFrameworksBuildPhase section */

/* Begin PBXGroup section */
		0C615D9B2849D84405C2413A /* Frameworks */ = {
			isa = PBXGroup;
			children = (
				23D201713CBC1E7A2CE93A4B /* Pods_TinyLives.framework */,
				1048B2D978558E0ADDA2DB99 /* Pods_TinyLives_TinyLivesUITests.framework */,
				0155A3731968E76FAAB6B16F /* Pods_TinyLivesTests.framework */,
			);
			name = Frameworks;
			sourceTree = "<group>";
		};
		2161199A7B36A878A80E3EBC /* Pods */ = {
			isa = PBXGroup;
			children = (
				AE152389153CA326D9BD189C /* Pods-TinyLives.debug.xcconfig */,
				A74912FCFE76680D61A026E9 /* Pods-TinyLives.release.xcconfig */,
				A0E646BEE711008CC543498B /* Pods-TinyLives-TinyLivesUITests.debug.xcconfig */,
				A801D5536A6F3F3D11E43234 /* Pods-TinyLives-TinyLivesUITests.release.xcconfig */,
				F765253AD143B4E0DCCF3B46 /* Pods-TinyLivesTests.debug.xcconfig */,
				55D7F67C17AC39711A5EEB8A /* Pods-TinyLivesTests.release.xcconfig */,
			);
			name = Pods;
			path = Pods;
			sourceTree = "<group>";
		};
		44947655260CDAA800838C7C = {
			isa = PBXGroup;
			children = (
				44947660260CDAA800838C7C /* TinyLives */,
				44947677260CDAA900838C7C /* TinyLivesTests */,
				44947682260CDAA900838C7C /* TinyLivesUITests */,
				4494765F260CDAA800838C7C /* Products */,
				2161199A7B36A878A80E3EBC /* Pods */,
				0C615D9B2849D84405C2413A /* Frameworks */,
			);
			sourceTree = "<group>";
		};
		4494765F260CDAA800838C7C /* Products */ = {
			isa = PBXGroup;
			children = (
				4494765E260CDAA800838C7C /* TinyLives.app */,
				44947674260CDAA900838C7C /* TinyLivesTests.xctest */,
				4494767F260CDAA900838C7C /* TinyLivesUITests.xctest */,
			);
			name = Products;
			sourceTree = "<group>";
		};
		44947660260CDAA800838C7C /* TinyLives */ = {
			isa = PBXGroup;
			children = (
				44947661260CDAA800838C7C /* AppDelegate.swift */,
				44947663260CDAA800838C7C /* SceneDelegate.swift */,
				44947665260CDAA800838C7C /* ViewController.swift */,
				44947667260CDAA800838C7C /* Main.storyboard */,
				4494766A260CDAA900838C7C /* Assets.xcassets */,
				4494766C260CDAA900838C7C /* LaunchScreen.storyboard */,
				4494766F260CDAA900838C7C /* Info.plist */,
			);
			path = TinyLives;
			sourceTree = "<group>";
		};
		44947677260CDAA900838C7C /* TinyLivesTests */ = {
			isa = PBXGroup;
			children = (
				44947678260CDAA900838C7C /* TinyLivesTests.swift */,
				4494767A260CDAA900838C7C /* Info.plist */,
			);
			path = TinyLivesTests;
			sourceTree = "<group>";
		};
		44947682260CDAA900838C7C /* TinyLivesUITests */ = {
			isa = PBXGroup;
			children = (
				44947683260CDAA900838C7C /* TinyLivesUITests.swift */,
				44947685260CDAA900838C7C /* Info.plist */,
			);
			path = TinyLivesUITests;
			sourceTree = "<group>";
		};
/* End PBXGroup section */

/* Begin PBXNativeTarget section */
		4494765D260CDAA800838C7C /* TinyLives */ = {
			isa = PBXNativeTarget;
			buildConfigurationList = 44947688260CDAA900838C7C /* Build configuration list for PBXNativeTarget "TinyLives" */;
			buildPhases = (
				FDE993D37F5E263B2451A723 /* [CP] Check Pods Manifest.lock */,
				4494765A260CDAA800838C7C /* Sources */,
				4494765B260CDAA800838C7C /* Frameworks */,
				4494765C260CDAA800838C7C /* Resources */,
				726AB4BB0AAA915A8D7F8F5B /* [CP] Embed Pods Frameworks */,
			);
			buildRules = (
			);
			dependencies = (
			);
			name = TinyLives;
			productName = TinyLives;
			productReference = 4494765E260CDAA800838C7C /* TinyLives.app */;
			productType = "com.apple.product-type.application";
		};
		44947673260CDAA900838C7C /* TinyLivesTests */ = {
			isa = PBXNativeTarget;
			buildConfigurationList = 4494768B260CDAA900838C7C /* Build configuration list for PBXNativeTarget "TinyLivesTests" */;
			buildPhases = (
				92D08D35695EF2391719A844 /* [CP] Check Pods Manifest.lock */,
				44947670260CDAA900838C7C /* Sources */,
				44947671260CDAA900838C7C /* Frameworks */,
				44947672260CDAA900838C7C /* Resources */,
			);
			buildRules = (
			);
			dependencies = (
				44947676260CDAA900838C7C /* PBXTargetDependency */,
			);
			name = TinyLivesTests;
			productName = TinyLivesTests;
			productReference = 44947674260CDAA900838C7C /* TinyLivesTests.xctest */;
			productType = "com.apple.product-type.bundle.unit-test";
		};
		4494767E260CDAA900838C7C /* TinyLivesUITests */ = {
			isa = PBXNativeTarget;
			buildConfigurationList = 4494768E260CDAA900838C7C /* Build configuration list for PBXNativeTarget "TinyLivesUITests" */;
			buildPhases = (
				E910089D3677708608A95844 /* [CP] Check Pods Manifest.lock */,
				4494767B260CDAA900838C7C /* Sources */,
				4494767C260CDAA900838C7C /* Frameworks */,
				4494767D260CDAA900838C7C /* Resources */,
				5A48A17BB0EB42EFB08981FF /* [CP] Embed Pods Frameworks */,
			);
			buildRules = (
			);
			dependencies = (
				44947681260CDAA900838C7C /* PBXTargetDependency */,
			);
			name = TinyLivesUITests;
			productName = TinyLivesUITests;
			productReference = 4494767F260CDAA900838C7C /* TinyLivesUITests.xctest */;
			productType = "com.apple.product-type.bundle.ui-testing";
		};
/* End PBXNativeTarget section */

/* Begin PBXProject section */
		44947656260CDAA800838C7C /* Project object */ = {
			isa = PBXProject;
			attributes = {
				LastSwiftUpdateCheck = 1240;
				LastUpgradeCheck = 1240;
				TargetAttributes = {
					4494765D260CDAA800838C7C = {
						CreatedOnToolsVersion = 12.4;
					};
					44947673260CDAA900838C7C = {
						CreatedOnToolsVersion = 12.4;
						TestTargetID = 4494765D260CDAA800838C7C;
					};
					4494767E260CDAA900838C7C = {
						CreatedOnToolsVersion = 12.4;
						TestTargetID = 4494765D260CDAA800838C7C;
					};
				};
			};
			buildConfigurationList = 44947659260CDAA800838C7C /* Build configuration list for PBXProject "TinyLives" */;
			compatibilityVersion = "Xcode 9.3";
			developmentRegion = en;
			hasScannedForEncodings = 0;
			knownRegions = (
				en,
				Base,
			);
			mainGroup = 44947655260CDAA800838C7C;
			productRefGroup = 4494765F260CDAA800838C7C /* Products */;
			projectDirPath = "";
			projectRoot = "";
			targets = (
				4494765D260CDAA800838C7C /* TinyLives */,
				44947673260CDAA900838C7C /* TinyLivesTests */,
				4494767E260CDAA900838C7C /* TinyLivesUITests */,
			);
		};
/* End PBXProject section */

/* Begin PBXResourcesBuildPhase section */
		4494765C260CDAA800838C7C /* Resources */ = {
			isa = PBXResourcesBuildPhase;
			buildActionMask = 2147483647;
			files = (
				4494766E260CDAA900838C7C /* LaunchScreen.storyboard in Resources */,
				4494766B260CDAA900838C7C /* Assets.xcassets in Resources */,
				44947669260CDAA800838C7C /* Main.storyboard in Resources */,
			);
			runOnlyForDeploymentPostprocessing = 0;
		};
		44947672260CDAA900838C7C /* Resources */ = {
			isa = PBXResourcesBuildPhase;
			buildActionMask = 2147483647;
			files = (
			);
			runOnlyForDeploymentPostprocessing = 0;
		};
		4494767D260CDAA900838C7C /* Resources */ = {
			isa = PBXResourcesBuildPhase;
			buildActionMask = 2147483647;
			files = (
			);
			runOnlyForDeploymentPostprocessing = 0;
		};
/* End PBXResourcesBuildPhase section */

/* Begin PBXShellScriptBuildPhase section */
		5A48A17BB0EB42EFB08981FF /* [CP] Embed Pods Frameworks */ = {
			isa = PBXShellScriptBuildPhase;
			buildActionMask = 2147483647;
			files = (
			);
			inputFileListPaths = (
				"${PODS_ROOT}/Target Support Files/Pods-TinyLives-TinyLivesUITests/Pods-TinyLives-TinyLivesUITests-frameworks-${CONFIGURATION}-input-files.xcfilelist",
			);
			name = "[CP] Embed Pods Frameworks";
			outputFileListPaths = (
				"${PODS_ROOT}/Target Support Files/Pods-TinyLives-TinyLivesUITests/Pods-TinyLives-TinyLivesUITests-frameworks-${CONFIGURATION}-output-files.xcfilelist",
			);
			runOnlyForDeploymentPostprocessing = 0;
			shellPath = /bin/sh;
			shellScript = "\"${PODS_ROOT}/Target Support Files/Pods-TinyLives-TinyLivesUITests/Pods-TinyLives-TinyLivesUITests-frameworks.sh\"\n";
			showEnvVarsInLog = 0;
		};
		726AB4BB0AAA915A8D7F8F5B /* [CP] Embed Pods Frameworks */ = {
			isa = PBXShellScriptBuildPhase;
			buildActionMask = 2147483647;
			files = (
			);
			inputFileListPaths = (
				"${PODS_ROOT}/Target Support Files/Pods-TinyLives/Pods-TinyLives-frameworks-${CONFIGURATION}-input-files.xcfilelist",
			);
			name = "[CP] Embed Pods Frameworks";
			outputFileListPaths = (
				"${PODS_ROOT}/Target Support Files/Pods-TinyLives/Pods-TinyLives-frameworks-${CONFIGURATION}-output-files.xcfilelist",
			);
			runOnlyForDeploymentPostprocessing = 0;
			shellPath = /bin/sh;
			shellScript = "\"${PODS_ROOT}/Target Support Files/Pods-TinyLives/Pods-TinyLives-frameworks.sh\"\n";
			showEnvVarsInLog = 0;
		};
		92D08D35695EF2391719A844 /* [CP] Check Pods Manifest.lock */ = {
			isa = PBXShellScriptBuildPhase;
			buildActionMask = 2147483647;
			files = (
			);
			inputFileListPaths = (
			);
			inputPaths = (
				"${PODS_PODFILE_DIR_PATH}/Podfile.lock",
				"${PODS_ROOT}/Manifest.lock",
			);
			name = "[CP] Check Pods Manifest.lock";
			outputFileListPaths = (
			);
			outputPaths = (
				"$(DERIVED_FILE_DIR)/Pods-TinyLivesTests-checkManifestLockResult.txt",
			);
			runOnlyForDeploymentPostprocessing = 0;
			shellPath = /bin/sh;
			shellScript = "diff \"${PODS_PODFILE_DIR_PATH}/Podfile.lock\" \"${PODS_ROOT}/Manifest.lock\" > /dev/null\nif [ $? != 0 ] ; then\n    # print error to STDERR\n    echo \"error: The sandbox is not in sync with the Podfile.lock. Run 'pod install' or update your CocoaPods installation.\" >&2\n    exit 1\nfi\n# This output is used by Xcode 'outputs' to avoid re-running this script phase.\necho \"SUCCESS\" > \"${SCRIPT_OUTPUT_FILE_0}\"\n";
			showEnvVarsInLog = 0;
		};
		E910089D3677708608A95844 /* [CP] Check Pods Manifest.lock */ = {
			isa = PBXShellScriptBuildPhase;
			buildActionMask = 2147483647;
			files = (
			);
			inputFileListPaths = (
			);
			inputPaths = (
				"${PODS_PODFILE_DIR_PATH}/Podfile.lock",
				"${PODS_ROOT}/Manifest.lock",
			);
			name = "[CP] Check Pods Manifest.lock";
			outputFileListPaths = (
			);
			outputPaths = (
				"$(DERIVED_FILE_DIR)/Pods-TinyLives-TinyLivesUITests-checkManifestLockResult.txt",
			);
			runOnlyForDeploymentPostprocessing = 0;
			shellPath = /bin/sh;
			shellScript = "diff \"${PODS_PODFILE_DIR_PATH}/Podfile.lock\" \"${PODS_ROOT}/Manifest.lock\" > /dev/null\nif [ $? != 0 ] ; then\n    # print error to STDERR\n    echo \"error: The sandbox is not in sync with the Podfile.lock. Run 'pod install' or update your CocoaPods installation.\" >&2\n    exit 1\nfi\n# This output is used by Xcode 'outputs' to avoid re-running this script phase.\necho \"SUCCESS\" > \"${SCRIPT_OUTPUT_FILE_0}\"\n";
			showEnvVarsInLog = 0;
		};
		FDE993D37F5E263B2451A723 /* [CP] Check Pods Manifest.lock */ = {
			isa = PBXShellScriptBuildPhase;
			buildActionMask = 2147483647;
			files = (
			);
			inputFileListPaths = (
			);
			inputPaths = (
				"${PODS_PODFILE_DIR_PATH}/Podfile.lock",
				"${PODS_ROOT}/Manifest.lock",
			);
			name = "[CP] Check Pods Manifest.lock";
			outputFileListPaths = (
			);
			outputPaths = (
				"$(DERIVED_FILE_DIR)/Pods-TinyLives-checkManifestLockResult.txt",
			);
			runOnlyForDeploymentPostprocessing = 0;
			shellPath = /bin/sh;
			shellScript = "diff \"${PODS_PODFILE_DIR_PATH}/Podfile.lock\" \"${PODS_ROOT}/Manifest.lock\" > /dev/null\nif [ $? != 0 ] ; then\n    # print error to STDERR\n    echo \"error: The sandbox is not in sync with the Podfile.lock. Run 'pod install' or update your CocoaPods installation.\" >&2\n    exit 1\nfi\n# This output is used by Xcode 'outputs' to avoid re-running this script phase.\necho \"SUCCESS\" > \"${SCRIPT_OUTPUT_FILE_0}\"\n";
			showEnvVarsInLog = 0;
		};
/* End PBXShellScriptBuildPhase section */

/* Begin PBXSourcesBuildPhase section */
		4494765A260CDAA800838C7C /* Sources */ = {
			isa = PBXSourcesBuildPhase;
			buildActionMask = 2147483647;
			files = (
				44947666260CDAA800838C7C /* ViewController.swift in Sources */,
				44947662260CDAA800838C7C /* AppDelegate.swift in Sources */,
				44947664260CDAA800838C7C /* SceneDelegate.swift in Sources */,
			);
			runOnlyForDeploymentPostprocessing = 0;
		};
		44947670260CDAA900838C7C /* Sources */ = {
			isa = PBXSourcesBuildPhase;
			buildActionMask = 2147483647;
			files = (
				44947679260CDAA900838C7C /* TinyLivesTests.swift in Sources */,
			);
			runOnlyForDeploymentPostprocessing = 0;
		};
		4494767B260CDAA900838C7C /* Sources */ = {
			isa = PBXSourcesBuildPhase;
			buildActionMask = 2147483647;
			files = (
				44947684260CDAA900838C7C /* TinyLivesUITests.swift in Sources */,
			);
			runOnlyForDeploymentPostprocessing = 0;
		};
/* End PBXSourcesBuildPhase section */

/* Begin PBXTargetDependency section */
		44947676260CDAA900838C7C /* PBXTargetDependency */ = {
			isa = PBXTargetDependency;
			target = 4494765D260CDAA800838C7C /* TinyLives */;
			targetProxy = 44947675260CDAA900838C7C /* PBXContainerItemProxy */;
		};
		44947681260CDAA900838C7C /* PBXTargetDependency */ = {
			isa = PBXTargetDependency;
			target = 4494765D260CDAA800838C7C /* TinyLives */;
			targetProxy = 44947680260CDAA900838C7C /* PBXContainerItemProxy */;
		};
/* End PBXTargetDependency section */

/* Begin PBXVariantGroup section */
		44947667260CDAA800838C7C /* Main.storyboard */ = {
			isa = PBXVariantGroup;
			children = (
				44947668260CDAA800838C7C /* Base */,
			);
			name = Main.storyboard;
			sourceTree = "<group>";
		};
		4494766C260CDAA900838C7C /* LaunchScreen.storyboard */ = {
			isa = PBXVariantGroup;
			children = (
				4494766D260CDAA900838C7C /* Base */,
			);
			name = LaunchScreen.storyboard;
			sourceTree = "<group>";
		};
/* End PBXVariantGroup section */

/* Begin XCBuildConfiguration section */
		44947686260CDAA900838C7C /* Debug */ = {
			isa = XCBuildConfiguration;
			buildSettings = {
				ALWAYS_SEARCH_USER_PATHS = NO;
				CLANG_ANALYZER_NONNULL = YES;
				CLANG_ANALYZER_NUMBER_OBJECT_CONVERSION = YES_AGGRESSIVE;
				CLANG_CXX_LANGUAGE_STANDARD = "gnu++14";
				CLANG_CXX_LIBRARY = "libc++";
				CLANG_ENABLE_MODULES = YES;
				CLANG_ENABLE_OBJC_ARC = YES;
				CLANG_ENABLE_OBJC_WEAK = YES;
				CLANG_WARN_BLOCK_CAPTURE_AUTORELEASING = YES;
				CLANG_WARN_BOOL_CONVERSION = YES;
				CLANG_WARN_COMMA = YES;
				CLANG_WARN_CONSTANT_CONVERSION = YES;
				CLANG_WARN_DEPRECATED_OBJC_IMPLEMENTATIONS = YES;
				CLANG_WARN_DIRECT_OBJC_ISA_USAGE = YES_ERROR;
				CLANG_WARN_DOCUMENTATION_COMMENTS = YES;
				CLANG_WARN_EMPTY_BODY = YES;
				CLANG_WARN_ENUM_CONVERSION = YES;
				CLANG_WARN_INFINITE_RECURSION = YES;
				CLANG_WARN_INT_CONVERSION = YES;
				CLANG_WARN_NON_LITERAL_NULL_CONVERSION = YES;
				CLANG_WARN_OBJC_IMPLICIT_RETAIN_SELF = YES;
				CLANG_WARN_OBJC_LITERAL_CONVERSION = YES;
				CLANG_WARN_OBJC_ROOT_CLASS = YES_ERROR;
				CLANG_WARN_QUOTED_INCLUDE_IN_FRAMEWORK_HEADER = YES;
				CLANG_WARN_RANGE_LOOP_ANALYSIS = YES;
				CLANG_WARN_STRICT_PROTOTYPES = YES;
				CLANG_WARN_SUSPICIOUS_MOVE = YES;
				CLANG_WARN_UNGUARDED_AVAILABILITY = YES_AGGRESSIVE;
				CLANG_WARN_UNREACHABLE_CODE = YES;
				CLANG_WARN__DUPLICATE_METHOD_MATCH = YES;
				COPY_PHASE_STRIP = NO;
				DEBUG_INFORMATION_FORMAT = dwarf;
				ENABLE_STRICT_OBJC_MSGSEND = YES;
				ENABLE_TESTABILITY = YES;
				GCC_C_LANGUAGE_STANDARD = gnu11;
				GCC_DYNAMIC_NO_PIC = NO;
				GCC_NO_COMMON_BLOCKS = YES;
				GCC_OPTIMIZATION_LEVEL = 0;
				GCC_PREPROCESSOR_DEFINITIONS = (
					"DEBUG=1",
					"$(inherited)",
				);
				GCC_WARN_64_TO_32_BIT_CONVERSION = YES;
				GCC_WARN_ABOUT_RETURN_TYPE = YES_ERROR;
				GCC_WARN_UNDECLARED_SELECTOR = YES;
				GCC_WARN_UNINITIALIZED_AUTOS = YES_AGGRESSIVE;
				GCC_WARN_UNUSED_FUNCTION = YES;
				GCC_WARN_UNUSED_VARIABLE = YES;
				IPHONEOS_DEPLOYMENT_TARGET = 14.4;
				MTL_ENABLE_DEBUG_INFO = INCLUDE_SOURCE;
				MTL_FAST_MATH = YES;
				ONLY_ACTIVE_ARCH = YES;
				SDKROOT = iphoneos;
				SWIFT_ACTIVE_COMPILATION_CONDITIONS = DEBUG;
				SWIFT_OPTIMIZATION_LEVEL = "-Onone";
			};
			name = Debug;
		};
		44947687260CDAA900838C7C /* Release */ = {
			isa = XCBuildConfiguration;
			buildSettings = {
				ALWAYS_SEARCH_USER_PATHS = NO;
				CLANG_ANALYZER_NONNULL = YES;
				CLANG_ANALYZER_NUMBER_OBJECT_CONVERSION = YES_AGGRESSIVE;
				CLANG_CXX_LANGUAGE_STANDARD = "gnu++14";
				CLANG_CXX_LIBRARY = "libc++";
				CLANG_ENABLE_MODULES = YES;
				CLANG_ENABLE_OBJC_ARC = YES;
				CLANG_ENABLE_OBJC_WEAK = YES;
				CLANG_WARN_BLOCK_CAPTURE_AUTORELEASING = YES;
				CLANG_WARN_BOOL_CONVERSION = YES;
				CLANG_WARN_COMMA = YES;
				CLANG_WARN_CONSTANT_CONVERSION = YES;
				CLANG_WARN_DEPRECATED_OBJC_IMPLEMENTATIONS = YES;
				CLANG_WARN_DIRECT_OBJC_ISA_USAGE = YES_ERROR;
				CLANG_WARN_DOCUMENTATION_COMMENTS = YES;
				CLANG_WARN_EMPTY_BODY = YES;
				CLANG_WARN_ENUM_CONVERSION = YES;
				CLANG_WARN_INFINITE_RECURSION = YES;
				CLANG_WARN_INT_CONVERSION = YES;
				CLANG_WARN_NON_LITERAL_NULL_CONVERSION = YES;
				CLANG_WARN_OBJC_IMPLICIT_RETAIN_SELF = YES;
				CLANG_WARN_OBJC_LITERAL_CONVERSION = YES;
				CLANG_WARN_OBJC_ROOT_CLASS = YES_ERROR;
				CLANG_WARN_QUOTED_INCLUDE_IN_FRAMEWORK_HEADER = YES;
				CLANG_WARN_RANGE_LOOP_ANALYSIS = YES;
				CLANG_WARN_STRICT_PROTOTYPES = YES;
				CLANG_WARN_SUSPICIOUS_MOVE = YES;
				CLANG_WARN_UNGUARDED_AVAILABILITY = YES_AGGRESSIVE;
				CLANG_WARN_UNREACHABLE_CODE = YES;
				CLANG_WARN__DUPLICATE_METHOD_MATCH = YES;
				COPY_PHASE_STRIP = NO;
				DEBUG_INFORMATION_FORMAT = "dwarf-with-dsym";
				ENABLE_NS_ASSERTIONS = NO;
				ENABLE_STRICT_OBJC_MSGSEND = YES;
				GCC_C_LANGUAGE_STANDARD = gnu11;
				GCC_NO_COMMON_BLOCKS = YES;
				GCC_WARN_64_TO_32_BIT_CONVERSION = YES;
				GCC_WARN_ABOUT_RETURN_TYPE = YES_ERROR;
				GCC_WARN_UNDECLARED_SELECTOR = YES;
				GCC_WARN_UNINITIALIZED_AUTOS = YES_AGGRESSIVE;
				GCC_WARN_UNUSED_FUNCTION = YES;
				GCC_WARN_UNUSED_VARIABLE = YES;
				IPHONEOS_DEPLOYMENT_TARGET = 14.4;
				MTL_ENABLE_DEBUG_INFO = NO;
				MTL_FAST_MATH = YES;
				SDKROOT = iphoneos;
				SWIFT_COMPILATION_MODE = wholemodule;
				SWIFT_OPTIMIZATION_LEVEL = "-O";
				VALIDATE_PRODUCT = YES;
			};
			name = Release;
		};
		44947689260CDAA900838C7C /* Debug */ = {
			isa = XCBuildConfiguration;
			baseConfigurationReference = AE152389153CA326D9BD189C /* Pods-TinyLives.debug.xcconfig */;
			buildSettings = {
				ASSETCATALOG_COMPILER_APPICON_NAME = AppIcon;
				ASSETCATALOG_COMPILER_GLOBAL_ACCENT_COLOR_NAME = AccentColor;
				CODE_SIGN_STYLE = Automatic;
				DEVELOPMENT_TEAM = QQHVHMVA9Q;
				INFOPLIST_FILE = TinyLives/Info.plist;
				LD_RUNPATH_SEARCH_PATHS = (
					"$(inherited)",
					"@executable_path/Frameworks",
				);
				PRODUCT_BUNDLE_IDENTIFIER = com.mini.TinyLives;
				PRODUCT_NAME = "$(TARGET_NAME)";
				SWIFT_VERSION = 5.0;
				TARGETED_DEVICE_FAMILY = "1,2";
			};
			name = Debug;
		};
		4494768A260CDAA900838C7C /* Release */ = {
			isa = XCBuildConfiguration;
			baseConfigurationReference = A74912FCFE76680D61A026E9 /* Pods-TinyLives.release.xcconfig */;
			buildSettings = {
				ASSETCATALOG_COMPILER_APPICON_NAME = AppIcon;
				ASSETCATALOG_COMPILER_GLOBAL_ACCENT_COLOR_NAME = AccentColor;
				CODE_SIGN_STYLE = Automatic;
				DEVELOPMENT_TEAM = QQHVHMVA9Q;
				INFOPLIST_FILE = TinyLives/Info.plist;
				LD_RUNPATH_SEARCH_PATHS = (
					"$(inherited)",
					"@executable_path/Frameworks",
				);
				PRODUCT_BUNDLE_IDENTIFIER = com.mini.TinyLives;
				PRODUCT_NAME = "$(TARGET_NAME)";
				SWIFT_VERSION = 5.0;
				TARGETED_DEVICE_FAMILY = "1,2";
			};
			name = Release;
		};
		4494768C260CDAA900838C7C /* Debug */ = {
			isa = XCBuildConfiguration;
			baseConfigurationReference = F765253AD143B4E0DCCF3B46 /* Pods-TinyLivesTests.debug.xcconfig */;
			buildSettings = {
				ALWAYS_EMBED_SWIFT_STANDARD_LIBRARIES = YES;
				BUNDLE_LOADER = "$(TEST_HOST)";
				CODE_SIGN_STYLE = Automatic;
				DEVELOPMENT_TEAM = QQHVHMVA9Q;
				INFOPLIST_FILE = TinyLivesTests/Info.plist;
				IPHONEOS_DEPLOYMENT_TARGET = 14.4;
				LD_RUNPATH_SEARCH_PATHS = (
					"$(inherited)",
					"@executable_path/Frameworks",
					"@loader_path/Frameworks",
				);
				PRODUCT_BUNDLE_IDENTIFIER = com.mini.TinyLivesTests;
				PRODUCT_NAME = "$(TARGET_NAME)";
				SWIFT_VERSION = 5.0;
				TARGETED_DEVICE_FAMILY = "1,2";
				TEST_HOST = "$(BUILT_PRODUCTS_DIR)/TinyLives.app/TinyLives";
			};
			name = Debug;
		};
		4494768D260CDAA900838C7C /* Release */ = {
			isa = XCBuildConfiguration;
			baseConfigurationReference = 55D7F67C17AC39711A5EEB8A /* Pods-TinyLivesTests.release.xcconfig */;
			buildSettings = {
				ALWAYS_EMBED_SWIFT_STANDARD_LIBRARIES = YES;
				BUNDLE_LOADER = "$(TEST_HOST)";
				CODE_SIGN_STYLE = Automatic;
				DEVELOPMENT_TEAM = QQHVHMVA9Q;
				INFOPLIST_FILE = TinyLivesTests/Info.plist;
				IPHONEOS_DEPLOYMENT_TARGET = 14.4;
				LD_RUNPATH_SEARCH_PATHS = (
					"$(inherited)",
					"@executable_path/Frameworks",
					"@loader_path/Frameworks",
				);
				PRODUCT_BUNDLE_IDENTIFIER = com.mini.TinyLivesTests;
				PRODUCT_NAME = "$(TARGET_NAME)";
				SWIFT_VERSION = 5.0;
				TARGETED_DEVICE_FAMILY = "1,2";
				TEST_HOST = "$(BUILT_PRODUCTS_DIR)/TinyLives.app/TinyLives";
			};
			name = Release;
		};
		4494768F260CDAA900838C7C /* Debug */ = {
			isa = XCBuildConfiguration;
			baseConfigurationReference = A0E646BEE711008CC543498B /* Pods-TinyLives-TinyLivesUITests.debug.xcconfig */;
			buildSettings = {
				ALWAYS_EMBED_SWIFT_STANDARD_LIBRARIES = YES;
				CODE_SIGN_STYLE = Automatic;
				DEVELOPMENT_TEAM = QQHVHMVA9Q;
				INFOPLIST_FILE = TinyLivesUITests/Info.plist;
				LD_RUNPATH_SEARCH_PATHS = (
					"$(inherited)",
					"@executable_path/Frameworks",
					"@loader_path/Frameworks",
				);
				PRODUCT_BUNDLE_IDENTIFIER = com.mini.TinyLivesUITests;
				PRODUCT_NAME = "$(TARGET_NAME)";
				SWIFT_VERSION = 5.0;
				TARGETED_DEVICE_FAMILY = "1,2";
				TEST_TARGET_NAME = TinyLives;
			};
			name = Debug;
		};
		44947690260CDAA900838C7C /* Release */ = {
			isa = XCBuildConfiguration;
			baseConfigurationReference = A801D5536A6F3F3D11E43234 /* Pods-TinyLives-TinyLivesUITests.release.xcconfig */;
			buildSettings = {
				ALWAYS_EMBED_SWIFT_STANDARD_LIBRARIES = YES;
				CODE_SIGN_STYLE = Automatic;
				DEVELOPMENT_TEAM = QQHVHMVA9Q;
				INFOPLIST_FILE = TinyLivesUITests/Info.plist;
				LD_RUNPATH_SEARCH_PATHS = (
					"$(inherited)",
					"@executable_path/Frameworks",
					"@loader_path/Frameworks",
				);
				PRODUCT_BUNDLE_IDENTIFIER = com.mini.TinyLivesUITests;
				PRODUCT_NAME = "$(TARGET_NAME)";
				SWIFT_VERSION = 5.0;
				TARGETED_DEVICE_FAMILY = "1,2";
				TEST_TARGET_NAME = TinyLives;
			};
			name = Release;
		};
/* End XCBuildConfiguration section */

/* Begin XCConfigurationList section */
		44947659260CDAA800838C7C /* Build configuration list for PBXProject "TinyLives" */ = {
			isa = XCConfigurationList;
			buildConfigurations = (
				44947686260CDAA900838C7C /* Debug */,
				44947687260CDAA900838C7C /* Release */,
			);
			defaultConfigurationIsVisible = 0;
			defaultConfigurationName = Release;
		};
		44947688260CDAA900838C7C /* Build configuration list for PBXNativeTarget "TinyLives" */ = {
			isa = XCConfigurationList;
			buildConfigurations = (
				44947689260CDAA900838C7C /* Debug */,
				4494768A260CDAA900838C7C /* Release */,
			);
			defaultConfigurationIsVisible = 0;
			defaultConfigurationName = Release;
		};
		4494768B260CDAA900838C7C /* Build configuration list for PBXNativeTarget "TinyLivesTests" */ = {
			isa = XCConfigurationList;
			buildConfigurations = (
				4494768C260CDAA900838C7C /* Debug */,
				4494768D260CDAA900838C7C /* Release */,
			);
			defaultConfigurationIsVisible = 0;
			defaultConfigurationName = Release;
		};
		4494768E260CDAA900838C7C /* Build configuration list for PBXNativeTarget "TinyLivesUITests" */ = {
			isa = XCConfigurationList;
			buildConfigurations = (
				4494768F260CDAA900838C7C /* Debug */,
				44947690260CDAA900838C7C /* Release */,
			);
			defaultConfigurationIsVisible = 0;
			defaultConfigurationName = Release;
		};
/* End XCConfigurationList section */
	};
	rootObject = 44947656260CDAA800838C7C /* Project object */;
}
